
Microsoft Visual Studio Solution File, Format Version 12.00
# Visual Studio Version 17
VisualStudioVersion = 17.5.002.0
MinimumVisualStudioVersion = 10.0.40219.1
Project("{9A19103F-16F7-4668-BE54-9A1E7A4F7556}") = "fundamentos", "fundamentos\fundamentos.csproj", "{98011515-5A38-4CD6-9D32-84105D5A1E44}"
EndProject
Global
	GlobalSection(SolutionConfigurationPlatforms) = preSolution
		Debug|Any CPU = Debug|Any CPU
		Release|Any CPU = Release|Any CPU
	EndGlobalSection
	GlobalSection(ProjectConfigurationPlatforms) = postSolution
		{98011515-5A38-4CD6-9D32-84105D5A1E44}.Debug|Any CPU.ActiveCfg = Debug|Any CPU
		{98011515-5A38-4CD6-9D32-84105D5A1E44}.Debug|Any CPU.Build.0 = Debug|Any CPU
		{98011515-5A38-4CD6-9D32-84105D5A1E44}.Release|Any CPU.ActiveCfg = Release|Any CPU
		{98011515-5A38-4CD6-9D32-84105D5A1E44}.Release|Any CPU.Build.0 = Release|Any CPU
	EndGlobalSection
	GlobalSection(SolutionProperties) = preSolution
		HideSolutionNode = FALSE
	EndGlobalSection
	GlobalSection(ExtensibilityGlobals) = postSolution
		SolutionGuid = {D10393AD-4ED8-4E9F-85E6-59D00EA3C372}
	EndGlobalSection
EndGlobal
